
Microsoft Visual Studio Solution File, Format Version 12.00
# Visual Studio Version 17
VisualStudioVersion = 17.5.33530.505
MinimumVisualStudioVersion = 10.0.40219.1
Project("{FAE04EC0-301F-11D3-BF4B-00C04F79EFBC}") = "Week8_EpicGame", "Week8_EpicGame\Week8_EpicGame.csproj", "{CAC15C0D-0B02-4DCC-B2F0-A553DB56892A}"
EndProject
Global
	GlobalSection(SolutionConfigurationPlatforms) = preSolution
		Debug|Any CPU = Debug|Any CPU
		Release|Any CPU = Release|Any CPU
	EndGlobalSection
	GlobalSection(ProjectConfigurationPlatforms) = postSolution
		{CAC15C0D-0B02-4DCC-B2F0-A553DB56892A}.Debug|Any CPU.ActiveCfg = Debug|Any CPU
		{CAC15C0D-0B02-4DCC-B2F0-A553DB56892A}.Debug|Any CPU.Build.0 = Debug|Any CPU
		{CAC15C0D-0B02-4DCC-B2F0-A553DB56892A}.Release|Any CPU.ActiveCfg = Release|Any CPU
		{CAC15C0D-0B02-4DCC-B2F0-A553DB56892A}.Release|Any CPU.Build.0 = Release|Any CPU
	EndGlobalSection
	GlobalSection(SolutionProperties) = preSolution
		HideSolutionNode = FALSE
	EndGlobalSection
	GlobalSection(ExtensibilityGlobals) = postSolution
		SolutionGuid = {135E9B57-851A-4A1C-9C34-B2947BE5771B}
	EndGlobalSection
EndGlobal
